// !$*UTF8*$!
{
	archiveVersion = 1;
	classes = {
	};
	objectVersion = 77;
	objects = {

/* Begin PBXBuildFile section */
		9A0209302FA10D4C00092060 /* Quartz.framework in Frameworks */ = {isa = PBXBuildFile; fileRef = 9A02092F2FA10D4C00092060 /* Quartz.framework */; };
		9A02093C2FA10D4C00092060 /* quick-look.appex in Embed Foundation Extensions */ = {isa = PBXBuildFile; fileRef = 9A02092D2FA10D4C00092060 /* quick-look.appex */; settings = {ATTRIBUTES = (RemoveHeadersOnCopy, ); }; };
		9A0209C12FA1100200092060 /* Sparkle in Frameworks */ = {isa = PBXBuildFile; productRef = 9A0209C22FA1100200092060 /* Sparkle */; };
		9A33940A2FA5AF500015D9A4 /* Markdown in Frameworks */ = {isa = PBXBuildFile; productRef = 9A3394092FA5AF500015D9A4 /* Markdown */; };
		9A33940C2FA5AF500015D9A4 /* Markdown in Frameworks */ = {isa = PBXBuildFile; productRef = 9A33940B2FA5AF500015D9A4 /* Markdown */; };
		9AF000000000000000000003 /* mermaid.min.js in Resources */ = {isa = PBXBuildFile; fileRef = 9AF000000000000000000101 /* mermaid.min.js */; };
		9AF000000000000000000004 /* LICENSE in Resources */ = {isa = PBXBuildFile; fileRef = 9AF000000000000000000102 /* LICENSE */; };
		9AF000000000000000000005 /* katex.min.js in Resources */ = {isa = PBXBuildFile; fileRef = 9AF000000000000000000103 /* katex.min.js */; };
		9AF000000000000000000006 /* katex.min.css in Resources */ = {isa = PBXBuildFile; fileRef = 9AF000000000000000000104 /* katex.min.css */; };
		9AF000000000000000000007 /* copy-tex.min.js in Resources */ = {isa = PBXBuildFile; fileRef = 9AF000000000000000000105 /* copy-tex.min.js */; };
		9AF000000000000000000008 /* KaTeX-LICENSE.txt in Resources */ = {isa = PBXBuildFile; fileRef = 9AF000000000000000000106 /* KaTeX-LICENSE.txt */; };
		9AF000000000000000000009 /* highlight.min.js in Resources */ = {isa = PBXBuildFile; fileRef = 9AF000000000000000000107 /* highlight.min.js */; };
		9AF00000000000000000000A /* highlight.min.css in Resources */ = {isa = PBXBuildFile; fileRef = 9AF000000000000000000108 /* highlight.min.css */; };
		9AF00000000000000000000B /* Highlight-LICENSE.txt in Resources */ = {isa = PBXBuildFile; fileRef = 9AF000000000000000000109 /* Highlight-LICENSE.txt */; };
		9AF00000000000000000000C /* purify.min.js in Resources */ = {isa = PBXBuildFile; fileRef = 9AF00000000000000000010A /* purify.min.js */; };
		9AF00000000000000000000D /* DOMPurify-LICENSE.txt in Resources */ = {isa = PBXBuildFile; fileRef = 9AF00000000000000000010B /* DOMPurify-LICENSE.txt */; };
/* End PBXBuildFile section */

/* Begin PBXContainerItemProxy section */
		9A02093A2FA10D4C00092060 /* PBXContainerItemProxy */ = {
			isa = PBXContainerItemProxy;
			containerPortal = 9A0207B92FA0ED7C00092060 /* Project object */;
			proxyType = 1;
			remoteGlobalIDString = 9A02092C2FA10D4C00092060;
			remoteInfo = "quick-look";
		};
/* End PBXContainerItemProxy section */

/* Begin PBXCopyFilesBuildPhase section */
		9A02093D2FA10D4C00092060 /* Embed Foundation Extensions */ = {
			isa = PBXCopyFilesBuildPhase;
			buildActionMask = 2147483647;
			dstPath = "";
			dstSubfolderSpec = 13;
			files = (
				9A02093C2FA10D4C00092060 /* quick-look.appex in Embed Foundation Extensions */,
			);
			name = "Embed Foundation Extensions";
			runOnlyForDeploymentPostprocessing = 0;
		};
/* End PBXCopyFilesBuildPhase section */

/* Begin PBXFileReference section */
		9A0207C12FA0ED7C00092060 /* Markdown Preview.app */ = {isa = PBXFileReference; explicitFileType = wrapper.application; includeInIndex = 0; path = "Markdown Preview.app"; sourceTree = BUILT_PRODUCTS_DIR; };
		9A02092D2FA10D4C00092060 /* quick-look.appex */ = {isa = PBXFileReference; explicitFileType = "wrapper.app-extension"; includeInIndex = 0; path = "quick-look.appex"; sourceTree = BUILT_PRODUCTS_DIR; };
		9A02092F2FA10D4C00092060 /* Quartz.framework */ = {isa = PBXFileReference; lastKnownFileType = wrapper.framework; name = Quartz.framework; path = System/Library/Frameworks/Quartz.framework; sourceTree = SDKROOT; };
		9A0209A02FA1100100092060 /* Version.xcconfig */ = {isa = PBXFileReference; lastKnownFileType = text.xcconfig; path = Version.xcconfig; sourceTree = "<group>"; };
		9AF000000000000000000101 /* mermaid.min.js */ = {isa = PBXFileReference; lastKnownFileType = sourcecode.javascript; name = mermaid.min.js; path = "md-preview/Vendor/Mermaid/mermaid.min.js"; sourceTree = "<group>"; };
		9AF000000000000000000102 /* LICENSE */ = {isa = PBXFileReference; lastKnownFileType = text; name = LICENSE; path = "md-preview/Vendor/Mermaid/LICENSE"; sourceTree = "<group>"; };
		9AF000000000000000000103 /* katex.min.js */ = {isa = PBXFileReference; lastKnownFileType = sourcecode.javascript; name = katex.min.js; path = "md-preview/Vendor/KaTeX/katex.min.js"; sourceTree = "<group>"; };
		9AF000000000000000000104 /* katex.min.css */ = {isa = PBXFileReference; lastKnownFileType = text.css; name = katex.min.css; path = "md-preview/Vendor/KaTeX/katex.min.css"; sourceTree = "<group>"; };
		9AF000000000000000000105 /* copy-tex.min.js */ = {isa = PBXFileReference; lastKnownFileType = sourcecode.javascript; name = "copy-tex.min.js"; path = "md-preview/Vendor/KaTeX/copy-tex.min.js"; sourceTree = "<group>"; };
		9AF000000000000000000106 /* KaTeX-LICENSE.txt */ = {isa = PBXFileReference; lastKnownFileType = text; name = "KaTeX-LICENSE.txt"; path = "md-preview/Vendor/KaTeX/KaTeX-LICENSE.txt"; sourceTree = "<group>"; };
		9AF000000000000000000107 /* highlight.min.js */ = {isa = PBXFileReference; lastKnownFileType = sourcecode.javascript; name = highlight.min.js; path = "md-preview/Vendor/Highlight/highlight.min.js"; sourceTree = "<group>"; };
		9AF000000000000000000108 /* highlight.min.css */ = {isa = PBXFileReference; lastKnownFileType = text.css; name = highlight.min.css; path = "md-preview/Vendor/Highlight/highlight.min.css"; sourceTree = "<group>"; };
		9AF000000000000000000109 /* Highlight-LICENSE.txt */ = {isa = PBXFileReference; lastKnownFileType = text; name = "Highlight-LICENSE.txt"; path = "md-preview/Vendor/Highlight/Highlight-LICENSE.txt"; sourceTree = "<group>"; };
		9AF00000000000000000010A /* purify.min.js */ = {isa = PBXFileReference; lastKnownFileType = sourcecode.javascript; name = purify.min.js; path = "md-preview/Vendor/DOMPurify/purify.min.js"; sourceTree = "<group>"; };
		9AF00000000000000000010B /* DOMPurify-LICENSE.txt */ = {isa = PBXFileReference; lastKnownFileType = text; name = "DOMPurify-LICENSE.txt"; path = "md-preview/Vendor/DOMPurify/DOMPurify-LICENSE.txt"; sourceTree = "<group>"; };
/* End PBXFileReference section */

/* Begin PBXFileSystemSynchronizedBuildFileExceptionSet section */
		9A0209402FA10D4C00092060 /* Exceptions for "quick-look" folder in "quick-look" target */ = {
			isa = PBXFileSystemSynchronizedBuildFileExceptionSet;
			membershipExceptions = (
				Info.plist,
			);
			target = 9A02092C2FA10D4C00092060 /* quick-look */;
		};
		9A0209432FA10E6600092060 /* Exceptions for "md-preview" folder in "quick-look" target */ = {
			isa = PBXFileSystemSynchronizedBuildFileExceptionSet;
			membershipExceptions = (
				CodeFenceInfo.swift,
				EscapingHTMLFormatter.swift,
				MarkdownAssetSchemeHandler.swift,
				MarkdownFrontmatter.swift,
				MarkdownHTML.swift,
				MarkdownWebView.swift,
				PreviewDebugLog.swift,
			);
			target = 9A02092C2FA10D4C00092060 /* quick-look */;
		};
/* End PBXFileSystemSynchronizedBuildFileExceptionSet section */

/* Begin PBXFileSystemSynchronizedRootGroup section */
		9A0207C32FA0ED7C00092060 /* md-preview */ = {
			isa = PBXFileSystemSynchronizedRootGroup;
			exceptions = (
				9A0209432FA10E6600092060 /* Exceptions for "md-preview" folder in "quick-look" target */,
			);
			path = "md-preview";
			sourceTree = "<group>";
		};
		9A0209312FA10D4C00092060 /* quick-look */ = {
			isa = PBXFileSystemSynchronizedRootGroup;
			exceptions = (
				9A0209402FA10D4C00092060 /* Exceptions for "quick-look" folder in "quick-look" target */,
			);
			path = "quick-look";
			sourceTree = "<group>";
		};
/* End PBXFileSystemSynchronizedRootGroup section */

/* Begin PBXFrameworksBuildPhase section */
		9A0207BE2FA0ED7C00092060 /* Frameworks */ = {
			isa = PBXFrameworksBuildPhase;
			buildActionMask = 2147483647;
			files = (
				9A0209C12FA1100200092060 /* Sparkle in Frameworks */,
				9A33940A2FA5AF500015D9A4 /* Markdown in Frameworks */,
			);
			runOnlyForDeploymentPostprocessing = 0;
		};
		9A02092A2FA10D4C00092060 /* Frameworks */ = {
			isa = PBXFrameworksBuildPhase;
			buildActionMask = 2147483647;
			files = (
				9A0209302FA10D4C00092060 /* Quartz.framework in Frameworks */,
				9A33940C2FA5AF500015D9A4 /* Markdown in Frameworks */,
			);
			runOnlyForDeploymentPostprocessing = 0;
		};
/* End PBXFrameworksBuildPhase section */

/* Begin PBXGroup section */
		9A0207B82FA0ED7C00092060 = {
			isa = PBXGroup;
			children = (
				9A0209A02FA1100100092060 /* Version.xcconfig */,
				9AF000000000000000000101 /* mermaid.min.js */,
				9AF000000000000000000102 /* LICENSE */,
				9AF000000000000000000103 /* katex.min.js */,
				9AF000000000000000000104 /* katex.min.css */,
				9AF000000000000000000105 /* copy-tex.min.js */,
				9AF000000000000000000106 /* KaTeX-LICENSE.txt */,
				9AF000000000000000000107 /* highlight.min.js */,
				9AF000000000000000000108 /* highlight.min.css */,
				9AF000000000000000000109 /* Highlight-LICENSE.txt */,
				9AF00000000000000000010A /* purify.min.js */,
				9AF00000000000000000010B /* DOMPurify-LICENSE.txt */,
				9A0207C32FA0ED7C00092060 /* md-preview */,
				9A0209312FA10D4C00092060 /* quick-look */,
				9A02092E2FA10D4C00092060 /* Frameworks */,
				9A0207C22FA0ED7C00092060 /* Products */,
			);
			sourceTree = "<group>";
		};
		9A0207C22FA0ED7C00092060 /* Products */ = {
			isa = PBXGroup;
			children = (
				9A0207C12FA0ED7C00092060 /* Markdown Preview.app */,
				9A02092D2FA10D4C00092060 /* quick-look.appex */,
			);
			name = Products;
			sourceTree = "<group>";
		};
		9A02092E2FA10D4C00092060 /* Frameworks */ = {
			isa = PBXGroup;
			children = (
				9A02092F2FA10D4C00092060 /* Quartz.framework */,
			);
			name = Frameworks;
			sourceTree = "<group>";
		};
/* End PBXGroup section */

/* Begin PBXNativeTarget section */
		9A0207C02FA0ED7C00092060 /* md-preview */ = {
			isa = PBXNativeTarget;
			buildConfigurationList = 9A0207D02FA0ED7D00092060 /* Build configuration list for PBXNativeTarget "md-preview" */;
			buildPhases = (
				9A0207BD2FA0ED7C00092060 /* Sources */,
				9A0207BE2FA0ED7C00092060 /* Frameworks */,
				9A0207BF2FA0ED7C00092060 /* Resources */,
				9A02093D2FA10D4C00092060 /* Embed Foundation Extensions */,
			);
			buildRules = (
			);
			dependencies = (
				9A02093B2FA10D4C00092060 /* PBXTargetDependency */,
			);
			fileSystemSynchronizedGroups = (
				9A0207C32FA0ED7C00092060 /* md-preview */,
			);
			name = "md-preview";
			packageProductDependencies = (
				9A0209C22FA1100200092060 /* Sparkle */,
				9A3394092FA5AF500015D9A4 /* Markdown */,
			);
			productName = "md-preview";
			productReference = 9A0207C12FA0ED7C00092060 /* Markdown Preview.app */;
			productType = "com.apple.product-type.application";
		};
		9A02092C2FA10D4C00092060 /* quick-look */ = {
			isa = PBXNativeTarget;
			buildConfigurationList = 9A0209412FA10D4C00092060 /* Build configuration list for PBXNativeTarget "quick-look" */;
			buildPhases = (
				9A0209292FA10D4C00092060 /* Sources */,
				9A02092A2FA10D4C00092060 /* Frameworks */,
				9A02092B2FA10D4C00092060 /* Resources */,
			);
			buildRules = (
			);
			dependencies = (
			);
			fileSystemSynchronizedGroups = (
				9A0209312FA10D4C00092060 /* quick-look */,
			);
			name = "quick-look";
			packageProductDependencies = (
				9A33940B2FA5AF500015D9A4 /* Markdown */,
			);
			productName = "quick-look";
			productReference = 9A02092D2FA10D4C00092060 /* quick-look.appex */;
			productType = "com.apple.product-type.app-extension";
		};
/* End PBXNativeTarget section */

/* Begin PBXProject section */
		9A0207B92FA0ED7C00092060 /* Project object */ = {
			isa = PBXProject;
			attributes = {
				BuildIndependentTargetsInParallel = 1;
				LastSwiftUpdateCheck = 2640;
				LastUpgradeCheck = 2640;
				TargetAttributes = {
					9A0207C02FA0ED7C00092060 = {
						CreatedOnToolsVersion = 26.4.1;
					};
					9A02092C2FA10D4C00092060 = {
						CreatedOnToolsVersion = 26.4.1;
					};
				};
			};
			buildConfigurationList = 9A0207BC2FA0ED7C00092060 /* Build configuration list for PBXProject "md-preview" */;
			developmentRegion = en;
			hasScannedForEncodings = 0;
			knownRegions = (
				en,
				Base,
			);
			mainGroup = 9A0207B82FA0ED7C00092060;
			minimizedProjectReferenceProxies = 1;
			packageReferences = (
				9A0209C32FA1100200092060 /* XCRemoteSwiftPackageReference "Sparkle" */,
				9A3394082FA5AF500015D9A4 /* XCRemoteSwiftPackageReference "swift-markdown" */,
			);
			preferredProjectObjectVersion = 77;
			productRefGroup = 9A0207C22FA0ED7C00092060 /* Products */;
			projectDirPath = "";
			projectRoot = "";
			targets = (
				9A0207C02FA0ED7C00092060 /* md-preview */,
				9A02092C2FA10D4C00092060 /* quick-look */,
			);
		};
/* End PBXProject section */

/* Begin PBXResourcesBuildPhase section */
		9A0207BF2FA0ED7C00092060 /* Resources */ = {
			isa = PBXResourcesBuildPhase;
			buildActionMask = 2147483647;
			files = (
			);
			runOnlyForDeploymentPostprocessing = 0;
		};
		9A02092B2FA10D4C00092060 /* Resources */ = {
			isa = PBXResourcesBuildPhase;
			buildActionMask = 2147483647;
			files = (
				9AF000000000000000000003 /* mermaid.min.js in Resources */,
				9AF000000000000000000004 /* LICENSE in Resources */,
				9AF000000000000000000005 /* katex.min.js in Resources */,
				9AF000000000000000000006 /* katex.min.css in Resources */,
				9AF000000000000000000007 /* copy-tex.min.js in Resources */,
				9AF000000000000000000008 /* KaTeX-LICENSE.txt in Resources */,
				9AF000000000000000000009 /* highlight.min.js in Resources */,
				9AF00000000000000000000A /* highlight.min.css in Resources */,
				9AF00000000000000000000B /* Highlight-LICENSE.txt in Resources */,
				9AF00000000000000000000C /* purify.min.js in Resources */,
				9AF00000000000000000000D /* DOMPurify-LICENSE.txt in Resources */,
			);
			runOnlyForDeploymentPostprocessing = 0;
		};
/* End PBXResourcesBuildPhase section */

/* Begin PBXSourcesBuildPhase section */
		9A0207BD2FA0ED7C00092060 /* Sources */ = {
			isa = PBXSourcesBuildPhase;
			buildActionMask = 2147483647;
			files = (
			);
			runOnlyForDeploymentPostprocessing = 0;
		};
		9A0209292FA10D4C00092060 /* Sources */ = {
			isa = PBXSourcesBuildPhase;
			buildActionMask = 2147483647;
			files = (
			);
			runOnlyForDeploymentPostprocessing = 0;
		};
/* End PBXSourcesBuildPhase section */

/* Begin PBXTargetDependency section */
		9A02093B2FA10D4C00092060 /* PBXTargetDependency */ = {
			isa = PBXTargetDependency;
			target = 9A02092C2FA10D4C00092060 /* quick-look */;
			targetProxy = 9A02093A2FA10D4C00092060 /* PBXContainerItemProxy */;
		};
/* End PBXTargetDependency section */

/* Begin XCBuildConfiguration section */
		9A0207CE2FA0ED7D00092060 /* Debug */ = {
			isa = XCBuildConfiguration;
			baseConfigurationReference = 9A0209A02FA1100100092060 /* Version.xcconfig */;
			buildSettings = {
				ALWAYS_SEARCH_USER_PATHS = NO;
				ASSETCATALOG_COMPILER_GENERATE_SWIFT_ASSET_SYMBOL_EXTENSIONS = YES;
				CLANG_ANALYZER_NONNULL = YES;
				CLANG_ANALYZER_NUMBER_OBJECT_CONVERSION = YES_AGGRESSIVE;
				CLANG_CXX_LANGUAGE_STANDARD = "gnu++20";
				CLANG_ENABLE_MODULES = YES;
				CLANG_ENABLE_OBJC_ARC = YES;
				CLANG_ENABLE_OBJC_WEAK = YES;
				CLANG_WARN_BLOCK_CAPTURE_AUTORELEASING = YES;
				CLANG_WARN_BOOL_CONVERSION = YES;
				CLANG_WARN_COMMA = YES;
				CLANG_WARN_CONSTANT_CONVERSION = YES;
				CLANG_WARN_DEPRECATED_OBJC_IMPLEMENTATIONS = YES;
				CLANG_WARN_DIRECT_OBJC_ISA_USAGE = YES_ERROR;
				CLANG_WARN_DOCUMENTATION_COMMENTS = YES;
				CLANG_WARN_EMPTY_BODY = YES;
				CLANG_WARN_ENUM_CONVERSION = YES;
				CLANG_WARN_INFINITE_RECURSION = YES;
				CLANG_WARN_INT_CONVERSION = YES;
				CLANG_WARN_NON_LITERAL_NULL_CONVERSION = YES;
				CLANG_WARN_OBJC_IMPLICIT_RETAIN_SELF = YES;
				CLANG_WARN_OBJC_LITERAL_CONVERSION = YES;
				CLANG_WARN_OBJC_ROOT_CLASS = YES_ERROR;
				CLANG_WARN_QUOTED_INCLUDE_IN_FRAMEWORK_HEADER = YES;
				CLANG_WARN_RANGE_LOOP_ANALYSIS = YES;
				CLANG_WARN_STRICT_PROTOTYPES = YES;
				CLANG_WARN_SUSPICIOUS_MOVE = YES;
				CLANG_WARN_UNGUARDED_AVAILABILITY = YES_AGGRESSIVE;
				CLANG_WARN_UNREACHABLE_CODE = YES;
				CLANG_WARN__DUPLICATE_METHOD_MATCH = YES;
				COPY_PHASE_STRIP = NO;
				DEBUG_INFORMATION_FORMAT = dwarf;
				DEVELOPMENT_TEAM = 5P3TSMNV42;
				ENABLE_STRICT_OBJC_MSGSEND = YES;
				ENABLE_TESTABILITY = YES;
				ENABLE_USER_SCRIPT_SANDBOXING = YES;
				GCC_C_LANGUAGE_STANDARD = gnu17;
				GCC_DYNAMIC_NO_PIC = NO;
				GCC_NO_COMMON_BLOCKS = YES;
				GCC_OPTIMIZATION_LEVEL = 0;
				GCC_PREPROCESSOR_DEFINITIONS = (
					"DEBUG=1",
					"$(inherited)",
				);
				GCC_WARN_64_TO_32_BIT_CONVERSION = YES;
				GCC_WARN_ABOUT_RETURN_TYPE = YES_ERROR;
				GCC_WARN_UNDECLARED_SELECTOR = YES;
				GCC_WARN_UNINITIALIZED_AUTOS = YES_AGGRESSIVE;
				GCC_WARN_UNUSED_FUNCTION = YES;
				GCC_WARN_UNUSED_VARIABLE = YES;
				LOCALIZATION_PREFERS_STRING_CATALOGS = YES;
				MACOSX_DEPLOYMENT_TARGET = 15.0;
				MTL_ENABLE_DEBUG_INFO = INCLUDE_SOURCE;
				MTL_FAST_MATH = YES;
				ONLY_ACTIVE_ARCH = YES;
				SDKROOT = macosx;
				SWIFT_ACTIVE_COMPILATION_CONDITIONS = "DEBUG $(inherited)";
				SWIFT_OPTIMIZATION_LEVEL = "-Onone";
			};
			name = Debug;
		};
		9A0207CF2FA0ED7D00092060 /* Release */ = {
			isa = XCBuildConfiguration;
			baseConfigurationReference = 9A0209A02FA1100100092060 /* Version.xcconfig */;
			buildSettings = {
				ALWAYS_SEARCH_USER_PATHS = NO;
				ASSETCATALOG_COMPILER_GENERATE_SWIFT_ASSET_SYMBOL_EXTENSIONS = YES;
				CLANG_ANALYZER_NONNULL = YES;
				CLANG_ANALYZER_NUMBER_OBJECT_CONVERSION = YES_AGGRESSIVE;
				CLANG_CXX_LANGUAGE_STANDARD = "gnu++20";
				CLANG_ENABLE_MODULES = YES;
				CLANG_ENABLE_OBJC_ARC = YES;
				CLANG_ENABLE_OBJC_WEAK = YES;
				CLANG_WARN_BLOCK_CAPTURE_AUTORELEASING = YES;
				CLANG_WARN_BOOL_CONVERSION = YES;
				CLANG_WARN_COMMA = YES;
				CLANG_WARN_CONSTANT_CONVERSION = YES;
				CLANG_WARN_DEPRECATED_OBJC_IMPLEMENTATIONS = YES;
				CLANG_WARN_DIRECT_OBJC_ISA_USAGE = YES_ERROR;
				CLANG_WARN_DOCUMENTATION_COMMENTS = YES;
				CLANG_WARN_EMPTY_BODY = YES;
				CLANG_WARN_ENUM_CONVERSION = YES;
				CLANG_WARN_INFINITE_RECURSION = YES;
				CLANG_WARN_INT_CONVERSION = YES;
				CLANG_WARN_NON_LITERAL_NULL_CONVERSION = YES;
				CLANG_WARN_OBJC_IMPLICIT_RETAIN_SELF = YES;
				CLANG_WARN_OBJC_LITERAL_CONVERSION = YES;
				CLANG_WARN_OBJC_ROOT_CLASS = YES_ERROR;
				CLANG_WARN_QUOTED_INCLUDE_IN_FRAMEWORK_HEADER = YES;
				CLANG_WARN_RANGE_LOOP_ANALYSIS = YES;
				CLANG_WARN_STRICT_PROTOTYPES = YES;
				CLANG_WARN_SUSPICIOUS_MOVE = YES;
				CLANG_WARN_UNGUARDED_AVAILABILITY = YES_AGGRESSIVE;
				CLANG_WARN_UNREACHABLE_CODE = YES;
				CLANG_WARN__DUPLICATE_METHOD_MATCH = YES;
				COPY_PHASE_STRIP = NO;
				DEBUG_INFORMATION_FORMAT = "dwarf-with-dsym";
				DEVELOPMENT_TEAM = 5P3TSMNV42;
				ENABLE_NS_ASSERTIONS = NO;
				ENABLE_STRICT_OBJC_MSGSEND = YES;
				ENABLE_USER_SCRIPT_SANDBOXING = YES;
				GCC_C_LANGUAGE_STANDARD = gnu17;
				GCC_NO_COMMON_BLOCKS = YES;
				GCC_WARN_64_TO_32_BIT_CONVERSION = YES;
				GCC_WARN_ABOUT_RETURN_TYPE = YES_ERROR;
				GCC_WARN_UNDECLARED_SELECTOR = YES;
				GCC_WARN_UNINITIALIZED_AUTOS = YES_AGGRESSIVE;
				GCC_WARN_UNUSED_FUNCTION = YES;
				GCC_WARN_UNUSED_VARIABLE = YES;
				LOCALIZATION_PREFERS_STRING_CATALOGS = YES;
				MACOSX_DEPLOYMENT_TARGET = 15.0;
				MTL_ENABLE_DEBUG_INFO = NO;
				MTL_FAST_MATH = YES;
				SDKROOT = macosx;
				SWIFT_COMPILATION_MODE = wholemodule;
			};
			name = Release;
		};
		9A0207D12FA0ED7D00092060 /* Debug */ = {
			isa = XCBuildConfiguration;
			buildSettings = {
				ASSETCATALOG_COMPILER_APPICON_NAME = AppIcon;
				ASSETCATALOG_COMPILER_GLOBAL_ACCENT_COLOR_NAME = AccentColor;
				CODE_SIGN_ENTITLEMENTS = "md-preview/md-preview.entitlements";
				CODE_SIGN_IDENTITY = "Apple Development";
				CODE_SIGN_STYLE = Automatic;
				COMBINE_HIDPI_IMAGES = YES;
				DEVELOPMENT_TEAM = 5P3TSMNV42;
				ENABLE_APP_SANDBOX = YES;
				ENABLE_HARDENED_RUNTIME = YES;
				ENABLE_USER_SELECTED_FILES = readonly;
				GENERATE_INFOPLIST_FILE = YES;
				INFOPLIST_FILE = Info.plist;
				INFOPLIST_KEY_LSApplicationCategoryType = "public.app-category.utilities";
				INFOPLIST_KEY_NSHumanReadableCopyright = "";
				INFOPLIST_KEY_NSMainNibFile = MainMenu;
				INFOPLIST_KEY_NSPrincipalClass = NSApplication;
				LD_RUNPATH_SEARCH_PATHS = (
					"$(inherited)",
					"@executable_path/../Frameworks",
				);
				MACOSX_DEPLOYMENT_TARGET = 15.0;
				PRODUCT_BUNDLE_IDENTIFIER = "doc.md-preview";
				PRODUCT_NAME = "Markdown Preview";
				PROVISIONING_PROFILE_SPECIFIER = "";
				REGISTER_APP_GROUPS = YES;
				STRING_CATALOG_GENERATE_SYMBOLS = YES;
				SWIFT_APPROACHABLE_CONCURRENCY = YES;
				SWIFT_DEFAULT_ACTOR_ISOLATION = MainActor;
				SWIFT_EMIT_LOC_STRINGS = YES;
				SWIFT_UPCOMING_FEATURE_MEMBER_IMPORT_VISIBILITY = YES;
				SWIFT_VERSION = 6.0;
			};
			name = Debug;
		};
		9A0207D22FA0ED7D00092060 /* Release */ = {
			isa = XCBuildConfiguration;
			buildSettings = {
				ASSETCATALOG_COMPILER_APPICON_NAME = AppIcon;
				ASSETCATALOG_COMPILER_GLOBAL_ACCENT_COLOR_NAME = AccentColor;
				CODE_SIGN_ENTITLEMENTS = "md-preview/md-preview.entitlements";
				CODE_SIGN_IDENTITY = "Apple Development";
				CODE_SIGN_STYLE = Automatic;
				COMBINE_HIDPI_IMAGES = YES;
				DEVELOPMENT_TEAM = 5P3TSMNV42;
				ENABLE_APP_SANDBOX = YES;
				ENABLE_HARDENED_RUNTIME = YES;
				ENABLE_USER_SELECTED_FILES = readonly;
				GENERATE_INFOPLIST_FILE = YES;
				INFOPLIST_FILE = Info.plist;
				INFOPLIST_KEY_LSApplicationCategoryType = "public.app-category.utilities";
				INFOPLIST_KEY_NSHumanReadableCopyright = "";
				INFOPLIST_KEY_NSMainNibFile = MainMenu;
				INFOPLIST_KEY_NSPrincipalClass = NSApplication;
				LD_RUNPATH_SEARCH_PATHS = (
					"$(inherited)",
					"@executable_path/../Frameworks",
				);
				MACOSX_DEPLOYMENT_TARGET = 15.0;
				PRODUCT_BUNDLE_IDENTIFIER = "doc.md-preview";
				PRODUCT_NAME = "Markdown Preview";
				PROVISIONING_PROFILE_SPECIFIER = "";
				REGISTER_APP_GROUPS = YES;
				STRING_CATALOG_GENERATE_SYMBOLS = YES;
				SWIFT_APPROACHABLE_CONCURRENCY = YES;
				SWIFT_DEFAULT_ACTOR_ISOLATION = MainActor;
				SWIFT_EMIT_LOC_STRINGS = YES;
				SWIFT_UPCOMING_FEATURE_MEMBER_IMPORT_VISIBILITY = YES;
				SWIFT_VERSION = 6.0;
			};
			name = Release;
		};
		9A02093E2FA10D4C00092060 /* Debug */ = {
			isa = XCBuildConfiguration;
			buildSettings = {
				CODE_SIGN_ENTITLEMENTS = "quick-look/quick-look.entitlements";
				CODE_SIGN_STYLE = Automatic;
				DEVELOPMENT_TEAM = 5P3TSMNV42;
				ENABLE_APP_SANDBOX = YES;
				ENABLE_HARDENED_RUNTIME = YES;
				ENABLE_USER_SELECTED_FILES = readonly;
				GENERATE_INFOPLIST_FILE = YES;
				INFOPLIST_FILE = "quick-look/Info.plist";
				INFOPLIST_KEY_CFBundleDisplayName = "quick-look";
				INFOPLIST_KEY_NSHumanReadableCopyright = "";
				LD_RUNPATH_SEARCH_PATHS = (
					"$(inherited)",
					"@executable_path/../Frameworks",
					"@executable_path/../../../../Frameworks",
				);
				PRODUCT_BUNDLE_IDENTIFIER = "doc.md-preview.quick-look";
				PRODUCT_NAME = "$(TARGET_NAME)";
				SKIP_INSTALL = YES;
				STRING_CATALOG_GENERATE_SYMBOLS = YES;
				SWIFT_APPROACHABLE_CONCURRENCY = YES;
				SWIFT_EMIT_LOC_STRINGS = YES;
				SWIFT_UPCOMING_FEATURE_MEMBER_IMPORT_VISIBILITY = YES;
				SWIFT_VERSION = 6.0;
			};
			name = Debug;
		};
		9A02093F2FA10D4C00092060 /* Release */ = {
			isa = XCBuildConfiguration;
			buildSettings = {
				CODE_SIGN_ENTITLEMENTS = "quick-look/quick-look.entitlements";
				CODE_SIGN_STYLE = Automatic;
				DEVELOPMENT_TEAM = 5P3TSMNV42;
				ENABLE_APP_SANDBOX = YES;
				ENABLE_HARDENED_RUNTIME = YES;
				ENABLE_USER_SELECTED_FILES = readonly;
				GENERATE_INFOPLIST_FILE = YES;
				INFOPLIST_FILE = "quick-look/Info.plist";
				INFOPLIST_KEY_CFBundleDisplayName = "quick-look";
				INFOPLIST_KEY_NSHumanReadableCopyright = "";
				LD_RUNPATH_SEARCH_PATHS = (
					"$(inherited)",
					"@executable_path/../Frameworks",
					"@executable_path/../../../../Frameworks",
				);
				PRODUCT_BUNDLE_IDENTIFIER = "doc.md-preview.quick-look";
				PRODUCT_NAME = "$(TARGET_NAME)";
				SKIP_INSTALL = YES;
				STRING_CATALOG_GENERATE_SYMBOLS = YES;
				SWIFT_APPROACHABLE_CONCURRENCY = YES;
				SWIFT_EMIT_LOC_STRINGS = YES;
				SWIFT_UPCOMING_FEATURE_MEMBER_IMPORT_VISIBILITY = YES;
				SWIFT_VERSION = 6.0;
			};
			name = Release;
		};
/* End XCBuildConfiguration section */

/* Begin XCConfigurationList section */
		9A0207BC2FA0ED7C00092060 /* Build configuration list for PBXProject "md-preview" */ = {
			isa = XCConfigurationList;
			buildConfigurations = (
				9A0207CE2FA0ED7D00092060 /* Debug */,
				9A0207CF2FA0ED7D00092060 /* Release */,
			);
			defaultConfigurationIsVisible = 0;
			defaultConfigurationName = Release;
		};
		9A0207D02FA0ED7D00092060 /* Build configuration list for PBXNativeTarget "md-preview" */ = {
			isa = XCConfigurationList;
			buildConfigurations = (
				9A0207D12FA0ED7D00092060 /* Debug */,
				9A0207D22FA0ED7D00092060 /* Release */,
			);
			defaultConfigurationIsVisible = 0;
			defaultConfigurationName = Release;
		};
		9A0209412FA10D4C00092060 /* Build configuration list for PBXNativeTarget "quick-look" */ = {
			isa = XCConfigurationList;
			buildConfigurations = (
				9A02093E2FA10D4C00092060 /* Debug */,
				9A02093F2FA10D4C00092060 /* Release */,
			);
			defaultConfigurationIsVisible = 0;
			defaultConfigurationName = Release;
		};
/* End XCConfigurationList section */

/* Begin XCRemoteSwiftPackageReference section */
		9A0209C32FA1100200092060 /* XCRemoteSwiftPackageReference "Sparkle" */ = {
			isa = XCRemoteSwiftPackageReference;
			repositoryURL = "https://github.com/sparkle-project/Sparkle";
			requirement = {
				kind = upToNextMajorVersion;
				minimumVersion = 2.0.0;
			};
		};
		9A3394082FA5AF500015D9A4 /* XCRemoteSwiftPackageReference "swift-markdown" */ = {
			isa = XCRemoteSwiftPackageReference;
			repositoryURL = "https://github.com/swiftlang/swift-markdown.git";
			requirement = {
				kind = upToNextMajorVersion;
				minimumVersion = 0.7.3;
			};
		};
/* End XCRemoteSwiftPackageReference section */

/* Begin XCSwiftPackageProductDependency section */
		9A0209C22FA1100200092060 /* Sparkle */ = {
			isa = XCSwiftPackageProductDependency;
			package = 9A0209C32FA1100200092060 /* XCRemoteSwiftPackageReference "Sparkle" */;
			productName = Sparkle;
		};
		9A3394092FA5AF500015D9A4 /* Markdown */ = {
			isa = XCSwiftPackageProductDependency;
			package = 9A3394082FA5AF500015D9A4 /* XCRemoteSwiftPackageReference "swift-markdown" */;
			productName = Markdown;
		};
		9A33940B2FA5AF500015D9A4 /* Markdown */ = {
			isa = XCSwiftPackageProductDependency;
			package = 9A3394082FA5AF500015D9A4 /* XCRemoteSwiftPackageReference "swift-markdown" */;
			productName = Markdown;
		};
/* End XCSwiftPackageProductDependency section */
	};
	rootObject = 9A0207B92FA0ED7C00092060 /* Project object */;
}
